
Microsoft Visual Studio Solution File, Format Version 12.00
# Visual Studio 15
VisualStudioVersion = 15.0.27004.2005
MinimumVisualStudioVersion = 10.0.40219.1
Project("{FAE04EC0-301F-11D3-BF4B-00C04F79EFBC}") = "CSVConsoleApp", "CSVConsoleApp\CSVConsoleApp.csproj", "{33EB2411-2F4F-4C56-9D82-8777B277A3FF}"
EndProject
Global
	GlobalSection(SolutionConfigurationPlatforms) = preSolution
		Debug|Any CPU = Debug|Any CPU
		Release|Any CPU = Release|Any CPU
	EndGlobalSection
	GlobalSection(ProjectConfigurationPlatforms) = postSolution
		{33EB2411-2F4F-4C56-9D82-8777B277A3FF}.Debug|Any CPU.ActiveCfg = Debug|Any CPU
		{33EB2411-2F4F-4C56-9D82-8777B277A3FF}.Debug|Any CPU.Build.0 = Debug|Any CPU
		{33EB2411-2F4F-4C56-9D82-8777B277A3FF}.Release|Any CPU.ActiveCfg = Release|Any CPU
		{33EB2411-2F4F-4C56-9D82-8777B277A3FF}.Release|Any CPU.Build.0 = Release|Any CPU
	EndGlobalSection
	GlobalSection(SolutionProperties) = preSolution
		HideSolutionNode = FALSE
	EndGlobalSection
	GlobalSection(ExtensibilityGlobals) = postSolution
		SolutionGuid = {1A9B7180-B1C4-4B5B-931E-2356545C6D54}
	EndGlobalSection
EndGlobal
